
Microsoft Visual Studio Solution File, Format Version 12.00
# Visual Studio Version 17
VisualStudioVersion = 17.8.34525.116
MinimumVisualStudioVersion = 10.0.40219.1
Project("{FAE04EC0-301F-11D3-BF4B-00C04F79EFBC}") = "Collections-Lists-Generics", "Collections-Lists-Generics\Collections-Lists-Generics.csproj", "{C712C3BE-0321-4895-9B06-5959795BDAF9}"
EndProject
Global
	GlobalSection(SolutionConfigurationPlatforms) = preSolution
		Debug|Any CPU = Debug|Any CPU
		Release|Any CPU = Release|Any CPU
	EndGlobalSection
	GlobalSection(ProjectConfigurationPlatforms) = postSolution
		{C712C3BE-0321-4895-9B06-5959795BDAF9}.Debug|Any CPU.ActiveCfg = Debug|Any CPU
		{C712C3BE-0321-4895-9B06-5959795BDAF9}.Debug|Any CPU.Build.0 = Debug|Any CPU
		{C712C3BE-0321-4895-9B06-5959795BDAF9}.Release|Any CPU.ActiveCfg = Release|Any CPU
		{C712C3BE-0321-4895-9B06-5959795BDAF9}.Release|Any CPU.Build.0 = Release|Any CPU
	EndGlobalSection
	GlobalSection(SolutionProperties) = preSolution
		HideSolutionNode = FALSE
	EndGlobalSection
	GlobalSection(ExtensibilityGlobals) = postSolution
		SolutionGuid = {F5167477-8A38-49BA-B702-4C5891079645}
	EndGlobalSection
EndGlobal
